
Microsoft Visual Studio Solution File, Format Version 12.00
# Visual Studio Version 16
VisualStudioVersion = 16.0.30413.136
MinimumVisualStudioVersion = 10.0.40219.1
Project("{FAE04EC0-301F-11D3-BF4B-00C04F79EFBC}") = "MvcMovie", "WebApplication1\MvcMovie.csproj", "{625C8089-0E7A-4F67-9555-5116943267CD}"
EndProject
Global
	GlobalSection(SolutionConfigurationPlatforms) = preSolution
		Debug|Any CPU = Debug|Any CPU
		Release|Any CPU = Release|Any CPU
	EndGlobalSection
	GlobalSection(ProjectConfigurationPlatforms) = postSolution
		{625C8089-0E7A-4F67-9555-5116943267CD}.Debug|Any CPU.ActiveCfg = Debug|Any CPU
		{625C8089-0E7A-4F67-9555-5116943267CD}.Debug|Any CPU.Build.0 = Debug|Any CPU
		{625C8089-0E7A-4F67-9555-5116943267CD}.Release|Any CPU.ActiveCfg = Release|Any CPU
		{625C8089-0E7A-4F67-9555-5116943267CD}.Release|Any CPU.Build.0 = Release|Any CPU
	EndGlobalSection
	GlobalSection(SolutionProperties) = preSolution
		HideSolutionNode = FALSE
	EndGlobalSection
	GlobalSection(ExtensibilityGlobals) = postSolution
		SolutionGuid = {F8C058FF-7E4C-41B5-B083-225172857926}
	EndGlobalSection
EndGlobal
